// !$*UTF8*$!
{
	archiveVersion = 1;
	classes = {
	};
	objectVersion = 77;
	objects = {

/* Begin PBXContainerItemProxy section */
		F0D784DC2D9F086A00CB7D02 /* PBXContainerItemProxy */ = {
			isa = PBXContainerItemProxy;
			containerPortal = F0D784C52D9F086800CB7D02 /* Project object */;
			proxyType = 1;
			remoteGlobalIDString = F0D784CC2D9F086800CB7D02;
			remoteInfo = LengLeng;
		};
		F0D784E62D9F086A00CB7D02 /* PBXContainerItemProxy */ = {
			isa = PBXContainerItemProxy;
			containerPortal = F0D784C52D9F086800CB7D02 /* Project object */;
			proxyType = 1;
			remoteGlobalIDString = F0D784CC2D9F086800CB7D02;
			remoteInfo = LengLeng;
		};
/* End PBXContainerItemProxy section */

/* Begin PBXFileReference section */
		133EAC8A24B3F3B0007E7E1E /* LengLeng.app */ = {isa = PBXFileReference; explicitFileType = wrapper.application; includeInIndex = 0; path = LengLeng.app; sourceTree = BUILT_PRODUCTS_DIR; };
		133EAC8D24B3F3B0007E7E1E /* AppDelegate.swift */ = {isa = PBXFileReference; lastKnownFileType = sourcecode.swift; path = AppDelegate.swift; sourceTree = "<group>"; };
		133EAC8F24B3F3B0007E7E1E /* SceneDelegate.swift */ = {isa = PBXFileReference; lastKnownFileType = sourcecode.swift; path = SceneDelegate.swift; sourceTree = "<group>"; };
		133EAC9124B3F3B0007E7E1E /* ContentView.swift */ = {isa = PBXFileReference; lastKnownFileType = sourcecode.swift; path = ContentView.swift; sourceTree = "<group>"; };
		133EAC9324B3F3B2007E7E1E /* Assets.xcassets */ = {isa = PBXFileReference; lastKnownFileType = folder.assetcatalog; path = Assets.xcassets; sourceTree = "<group>"; };
		133EAC9624B3F3B2007E7E1E /* Preview Assets.xcassets */ = {isa = PBXFileReference; lastKnownFileType = folder.assetcatalog; path = "Preview Assets.xcassets"; sourceTree = "<group>"; };
		133EAC9824B3F3B2007E7E1E /* Base */ = {isa = PBXFileReference; lastKnownFileType = file.xib; name = Base; path = Base.lproj/LaunchScreen.storyboard; sourceTree = "<group>"; };
		133EAC9A24B3F3B2007E7E1E /* Info.plist */ = {isa = PBXFileReference; lastKnownFileType = text.plist.xml; path = Info.plist; sourceTree = "<group>"; };
		133EAC9F24B3F3B2007E7E1E /* LengLengTests.xctest */ = {isa = PBXFileReference; explicitFileType = wrapper.cfbundle; includeInIndex = 0; path = LengLengTests.xctest; sourceTree = BUILT_PRODUCTS_DIR; };
		133EACA324B3F3B2007E7E1E /* LengLengTests.swift */ = {isa = PBXFileReference; lastKnownFileType = sourcecode.swift; path = LengLengTests.swift; sourceTree = "<group>"; };
		133EACA524B3F3B2007E7E1E /* Info.plist */ = {isa = PBXFileReference; lastKnownFileType = text.plist.xml; path = Info.plist; sourceTree = "<group>"; };
		133EACAA24B3F3B2007E7E1E /* LengLengUITests.xctest */ = {isa = PBXFileReference; explicitFileType = wrapper.cfbundle; includeInIndex = 0; path = LengLengUITests.xctest; sourceTree = BUILT_PRODUCTS_DIR; };
		133EACAE24B3F3B2007E7E1E /* LengLengUITests.swift */ = {isa = PBXFileReference; lastKnownFileType = sourcecode.swift; path = LengLengUITests.swift; sourceTree = "<group>"; };
		133EACB024B3F3B2007E7E1E /* Info.plist */ = {isa = PBXFileReference; lastKnownFileType = text.plist.xml; path = Info.plist; sourceTree = "<group>"; };
		133EACB524B3F3B3007E7E1E /* LengLeng.entitlements */ = {isa = PBXFileReference; lastKnownFileType = text.plist.entitlements; path = LengLeng.entitlements; sourceTree = "<group>"; };
		133EACB724B3F3B3007E7E1E /* GoogleService-Info.plist */ = {isa = PBXFileReference; fileEncoding = 4; lastKnownFileType = text.plist.xml; path = "GoogleService-Info.plist"; sourceTree = "<group>"; };
		133EACB924B3F3B3007E7E1E /* LengLengApp.swift */ = {isa = PBXFileReference; lastKnownFileType = sourcecode.swift; path = LengLengApp.swift; sourceTree = "<group>"; };
		133EACBB24B3F3B3007E7E1E /* FirebaseService.swift */ = {isa = PBXFileReference; lastKnownFileType = sourcecode.swift; path = FirebaseService.swift; sourceTree = "<group>"; };
		133EACBD24B3F3B3007E7E1E /* NotificationModels.swift */ = {isa = PBXFileReference; lastKnownFileType = sourcecode.swift; path = NotificationModels.swift; sourceTree = "<group>"; };
		133EACBF24B3F3B3007E7E1E /* PollModels.swift */ = {isa = PBXFileReference; lastKnownFileType = sourcecode.swift; path = PollModels.swift; sourceTree = "<group>"; };
		133EACC124B3F3B3007E7E1E /* Extensions.swift */ = {isa = PBXFileReference; lastKnownFileType = sourcecode.swift; path = Extensions.swift; sourceTree = "<group>"; };
		133EACC324B3F3B3007E7E1E /* AppConfig.swift */ = {isa = PBXFileReference; lastKnownFileType = sourcecode.swift; path = AppConfig.swift; sourceTree = "<group>"; };
		133EACD024B3F3B3007E7E1E /* SocialView.swift */ = {isa = PBXFileReference; lastKnownFileType = sourcecode.swift; path = SocialView.swift; sourceTree = "<group>"; };
		133EACD124B3F3B3007E7E1E /* SocialGraphSystem.swift */ = {isa = PBXFileReference; lastKnownFileType = sourcecode.swift; path = SocialGraphSystem.swift; sourceTree = "<group>"; };
		133EACD224B3F3B3007E7E1E /* ProfileView.swift */ = {isa = PBXFileReference; lastKnownFileType = sourcecode.swift; path = ProfileView.swift; sourceTree = "<group>"; };
		133EACD324B3F3B3007E7E1E /* EditProfileView.swift */ = {isa = PBXFileReference; lastKnownFileType = sourcecode.swift; path = EditProfileView.swift; sourceTree = "<group>"; };
		133EACD424B3F3B3007E7E1E /* SettingsView.swift */ = {isa = PBXFileReference; lastKnownFileType = sourcecode.swift; path = SettingsView.swift; sourceTree = "<group>"; };
		133EACD524B3F3B3007E7E1E /* UserProfileSystem.swift */ = {isa = PBXFileReference; lastKnownFileType = sourcecode.swift; path = UserProfileSystem.swift; sourceTree = "<group>"; };
		133EACD624B3F3B3007E7E1E /* PollSystem.swift */ = {isa = PBXFileReference; lastKnownFileType = sourcecode.swift; path = PollSystem.swift; sourceTree = "<group>"; };
		133EACD724B3F3B3007E7E1E /* PollsView.swift */ = {isa = PBXFileReference; lastKnownFileType = sourcecode.swift; path = PollsView.swift; sourceTree = "<group>"; };
		133EACD824B3F3B3007E7E1E /* OnboardingViewController.swift */ = {isa = PBXFileReference; lastKnownFileType = sourcecode.swift; path = OnboardingViewController.swift; sourceTree = "<group>"; };
		133EACD924B3F3B3007E7E1E /* NotificationsSystem.swift */ = {isa = PBXFileReference; lastKnownFileType = sourcecode.swift; path = NotificationsSystem.swift; sourceTree = "<group>"; };
/* End PBXFileReference section */

/* Begin PBXFileSystemSynchronizedRootGroup section */
		F0D784CF2D9F086800CB7D02 /* LengLeng */ = {
			isa = PBXFileSystemSynchronizedRootGroup;
			path = LengLeng;
			sourceTree = "<group>";
		};
		F0D784DE2D9F086A00CB7D02 /* LengLengTests */ = {
			isa = PBXFileSystemSynchronizedRootGroup;
			path = LengLengTests;
			sourceTree = "<group>";
		};
		F0D784E82D9F086A00CB7D02 /* LengLengUITests */ = {
			isa = PBXFileSystemSynchronizedRootGroup;
			path = LengLengUITests;
			sourceTree = "<group>";
		};
/* End PBXFileSystemSynchronizedRootGroup section */

/* Begin PBXFrameworksBuildPhase section */
		F0D784CA2D9F086800CB7D02 /* Frameworks */ = {
			isa = PBXFrameworksBuildPhase;
			buildActionMask = 2147483647;
			files = (
			);
			runOnlyForDeploymentPostprocessing = 0;
		};
		F0D784D82D9F086A00CB7D02 /* Frameworks */ = {
			isa = PBXFrameworksBuildPhase;
			buildActionMask = 2147483647;
			files = (
			);
			runOnlyForDeploymentPostprocessing = 0;
		};
		F0D784E22D9F086A00CB7D02 /* Frameworks */ = {
			isa = PBXFrameworksBuildPhase;
			buildActionMask = 2147483647;
			files = (
			);
			runOnlyForDeploymentPostprocessing = 0;
		};
/* End PBXFrameworksBuildPhase section */

/* Begin PBXGroup section */
		133EAC7F24B3F3B0007E7E1E = {
			isa = PBXGroup;
			children = (
				133EAC8A24B3F3B0007E7E1E /* Products */,
				133EAC8C24B3F3B0007E7E1E /* LengLeng */,
				133EACA224B3F3B2007E7E1E /* LengLengTests */,
				133EACAD24B3F3B2007E7E1E /* LengLengUITests */,
				133EAC8B24B3F3B0007E7E1E /* Frameworks */,
				133EAC9324B3F3B2007E7E1E /* Assets.xcassets */,
				133EAC9524B3F3B2007E7E1E /* Preview Content */,
			);
			sourceTree = "<group>";
		};
		133EAC8A24B3F3B0007E7E1E /* Products */ = {
			isa = PBXGroup;
			children = (
				133EAC8924B3F3B0007E7E1E /* LengLeng.app */,
				133EAC9F24B3F3B2007E7E1E /* LengLengTests.xctest */,
				133EACAA24B3F3B2007E7E1E /* LengLengUITests.xctest */,
			);
			name = Products;
			sourceTree = "<group>";
		};
		133EAC8B24B3F3B0007E7E1E /* Frameworks */ = {
			isa = PBXGroup;
			children = (
			);
			name = Frameworks;
			sourceTree = "<group>";
		};
		133EAC8C24B3F3B0007E7E1E /* LengLeng */ = {
			isa = PBXGroup;
			children = (
				133EACB924B3F3B3007E7E1E /* LengLengApp.swift */,
				133EAC8D24B3F3B0007E7E1E /* AppDelegate.swift */,
				133EAC8F24B3F3B0007E7E1E /* SceneDelegate.swift */,
				133EAC9124B3F3B0007E7E1E /* ContentView.swift */,
				133EACC524B3F3B3007E7E1E /* Config */,
				133EACC624B3F3B3007E7E1E /* Features */,
				133EACC724B3F3B3007E7E1E /* Models */,
				133EACC824B3F3B3007E7E1E /* Services */,
				133EACC924B3F3B3007E7E1E /* Utils */,
				133EACB524B3F3B3007E7E1E /* LengLeng.entitlements */,
				133EACB724B3F3B3007E7E1E /* GoogleService-Info.plist */,
				133EAC9A24B3F3B2007E7E1E /* Info.plist */,
			);
			path = LengLeng;
			sourceTree = "<group>";
		};
		133EACC524B3F3B3007E7E1E /* Config */ = {
			isa = PBXGroup;
			children = (
				133EACC324B3F3B3007E7E1E /* AppConfig.swift */,
			);
			path = Config;
			sourceTree = "<group>";
		};
		133EACC624B3F3B3007E7E1E /* Features */ = {
			isa = PBXGroup;
			children = (
				133EACCA24B3F3B3007E7E1E /* Social */,
				133EACCB24B3F3B3007E7E1E /* Profile */,
				133EACCC24B3F3B3007E7E1E /* Polls */,
				133EACCD24B3F3B3007E7E1E /* Onboarding */,
				133EACCE24B3F3B3007E7E1E /* Notifications */,
			);
			path = Features;
			sourceTree = "<group>";
		};
		133EACC724B3F3B3007E7E1E /* Models */ = {
			isa = PBXGroup;
			children = (
				133EACBD24B3F3B3007E7E1E /* NotificationModels.swift */,
				133EACBF24B3F3B3007E7E1E /* PollModels.swift */,
			);
			path = Models;
			sourceTree = "<group>";
		};
		133EACC824B3F3B3007E7E1E /* Services */ = {
			isa = PBXGroup;
			children = (
				133EACBB24B3F3B3007E7E1E /* FirebaseService.swift */,
			);
			path = Services;
			sourceTree = "<group>";
		};
		133EACC924B3F3B3007E7E1E /* Utils */ = {
			isa = PBXGroup;
			children = (
				133EACC124B3F3B3007E7E1E /* Extensions.swift */,
			);
			path = Utils;
			sourceTree = "<group>";
		};
		133EAC9524B3F3B2007E7E1E /* Preview Content */ = {
			isa = PBXGroup;
			children = (
				133EAC9624B3F3B2007E7E1E /* Preview Assets.xcassets */,
			);
			path = "Preview Content";
			sourceTree = "<group>";
		};
		133EACA224B3F3B2007E7E1E /* LengLengTests */ = {
			isa = PBXGroup;
			children = (
				133EACA324B3F3B2007E7E1E /* LengLengTests.swift */,
				133EACA524B3F3B2007E7E1E /* Info.plist */,
			);
			path = LengLengTests;
			sourceTree = "<group>";
		};
		133EACAD24B3F3B2007E7E1E /* LengLengUITests */ = {
			isa = PBXGroup;
			children = (
				133EACAE24B3F3B2007E7E1E /* LengLengUITests.swift */,
				133EACB024B3F3B2007E7E1E /* Info.plist */,
			);
			path = LengLengUITests;
			sourceTree = "<group>";
		};
		133EACCA24B3F3B3007E7E1E /* Social */ = {
			isa = PBXGroup;
			children = (
				133EACD024B3F3B3007E7E1E /* SocialView.swift */,
				133EACD124B3F3B3007E7E1E /* SocialGraphSystem.swift */,
			);
			path = Social;
			sourceTree = "<group>";
		};
		133EACCB24B3F3B3007E7E1E /* Profile */ = {
			isa = PBXGroup;
			children = (
				133EACD224B3F3B3007E7E1E /* ProfileView.swift */,
				133EACD324B3F3B3007E7E1E /* EditProfileView.swift */,
				133EACD424B3F3B3007E7E1E /* SettingsView.swift */,
				133EACD524B3F3B3007E7E1E /* UserProfileSystem.swift */,
			);
			path = Profile;
			sourceTree = "<group>";
		};
		133EACCC24B3F3B3007E7E1E /* Polls */ = {
			isa = PBXGroup;
			children = (
				133EACD624B3F3B3007E7E1E /* PollSystem.swift */,
				133EACD724B3F3B3007E7E1E /* PollsView.swift */,
			);
			path = Polls;
			sourceTree = "<group>";
		};
		133EACCD24B3F3B3007E7E1E /* Onboarding */ = {
			isa = PBXGroup;
			children = (
				133EACD824B3F3B3007E7E1E /* OnboardingViewController.swift */,
			);
			path = Onboarding;
			sourceTree = "<group>";
		};
		133EACCE24B3F3B3007E7E1E /* Notifications */ = {
			isa = PBXGroup;
			children = (
				133EACD924B3F3B3007E7E1E /* NotificationsSystem.swift */,
			);
			path = Notifications;
			sourceTree = "<group>";
		};
/* End PBXGroup section */

/* Begin PBXNativeTarget section */
		F0D784CC2D9F086800CB7D02 /* LengLeng */ = {
			isa = PBXNativeTarget;
			buildConfigurationList = F0D784EF2D9F086A00CB7D02 /* Build configuration list for PBXNativeTarget "LengLeng" */;
			buildPhases = (
				F0D784C92D9F086800CB7D02 /* Sources */,
				F0D784CA2D9F086800CB7D02 /* Frameworks */,
				F0D784CB2D9F086800CB7D02 /* Resources */,
			);
			buildRules = (
			);
			dependencies = (
			);
			fileSystemSynchronizedGroups = (
				F0D784CF2D9F086800CB7D02 /* LengLeng */,
			);
			name = LengLeng;
			packageProductDependencies = (
			);
			productName = LengLeng;
			productReference = F0D784CD2D9F086800CB7D02 /* LengLeng.app */;
			productType = "com.apple.product-type.application";
		};
		F0D784DA2D9F086A00CB7D02 /* LengLengTests */ = {
			isa = PBXNativeTarget;
			buildConfigurationList = F0D784F22D9F086A00CB7D02 /* Build configuration list for PBXNativeTarget "LengLengTests" */;
			buildPhases = (
				F0D784D72D9F086A00CB7D02 /* Sources */,
				F0D784D82D9F086A00CB7D02 /* Frameworks */,
				F0D784D92D9F086A00CB7D02 /* Resources */,
			);
			buildRules = (
			);
			dependencies = (
				F0D784DD2D9F086A00CB7D02 /* PBXTargetDependency */,
			);
			fileSystemSynchronizedGroups = (
				F0D784DE2D9F086A00CB7D02 /* LengLengTests */,
			);
			name = LengLengTests;
			packageProductDependencies = (
			);
			productName = LengLengTests;
			productReference = F0D784DB2D9F086A00CB7D02 /* LengLengTests.xctest */;
			productType = "com.apple.product-type.bundle.unit-test";
		};
		F0D784E42D9F086A00CB7D02 /* LengLengUITests */ = {
			isa = PBXNativeTarget;
			buildConfigurationList = F0D784F52D9F086A00CB7D02 /* Build configuration list for PBXNativeTarget "LengLengUITests" */;
			buildPhases = (
				F0D784E12D9F086A00CB7D02 /* Sources */,
				F0D784E22D9F086A00CB7D02 /* Frameworks */,
				F0D784E32D9F086A00CB7D02 /* Resources */,
			);
			buildRules = (
			);
			dependencies = (
				F0D784E72D9F086A00CB7D02 /* PBXTargetDependency */,
			);
			fileSystemSynchronizedGroups = (
				F0D784E82D9F086A00CB7D02 /* LengLengUITests */,
			);
			name = LengLengUITests;
			packageProductDependencies = (
			);
			productName = LengLengUITests;
			productReference = F0D784E52D9F086A00CB7D02 /* LengLengUITests.xctest */;
			productType = "com.apple.product-type.bundle.ui-testing";
		};
/* End PBXNativeTarget section */

/* Begin PBXProject section */
		F0D784C52D9F086800CB7D02 /* Project object */ = {
			isa = PBXProject;
			attributes = {
				BuildIndependentTargetsInParallel = 1;
				LastSwiftUpdateCheck = 1630;
				LastUpgradeCheck = 1630;
				TargetAttributes = {
					F0D784CC2D9F086800CB7D02 = {
						CreatedOnToolsVersion = 16.3;
					};
					F0D784DA2D9F086A00CB7D02 = {
						CreatedOnToolsVersion = 16.3;
						TestTargetID = F0D784CC2D9F086800CB7D02;
					};
					F0D784E42D9F086A00CB7D02 = {
						CreatedOnToolsVersion = 16.3;
						TestTargetID = F0D784CC2D9F086800CB7D02;
					};
				};
			};
			buildConfigurationList = F0D784C82D9F086800CB7D02 /* Build configuration list for PBXProject "LengLeng" */;
			developmentRegion = en;
			hasScannedForEncodings = 0;
			knownRegions = (
				en,
				Base,
			);
			mainGroup = F0D784C42D9F086800CB7D02;
			minimizedProjectReferenceProxies = 1;
			preferredProjectObjectVersion = 77;
			productRefGroup = F0D784CE2D9F086800CB7D02 /* Products */;
			projectDirPath = "";
			projectRoot = "";
			targets = (
				F0D784CC2D9F086800CB7D02 /* LengLeng */,
				F0D784DA2D9F086A00CB7D02 /* LengLengTests */,
				F0D784E42D9F086A00CB7D02 /* LengLengUITests */,
			);
		};
/* End PBXProject section */

/* Begin PBXResourcesBuildPhase section */
		F0D784CB2D9F086800CB7D02 /* Resources */ = {
			isa = PBXResourcesBuildPhase;
			buildActionMask = 2147483647;
			files = (
			);
			runOnlyForDeploymentPostprocessing = 0;
		};
		F0D784D92D9F086A00CB7D02 /* Resources */ = {
			isa = PBXResourcesBuildPhase;
			buildActionMask = 2147483647;
			files = (
			);
			runOnlyForDeploymentPostprocessing = 0;
		};
		F0D784E32D9F086A00CB7D02 /* Resources */ = {
			isa = PBXResourcesBuildPhase;
			buildActionMask = 2147483647;
			files = (
			);
			runOnlyForDeploymentPostprocessing = 0;
		};
/* End PBXResourcesBuildPhase section */

/* Begin PBXSourcesBuildPhase section */
		133EAC8624B3F3B0007E7E1E /* Sources */ = {
			isa = PBXSourcesBuildPhase;
			buildActionMask = 2147483647;
			files = (
				133EACB824B3F3B3007E7E1E /* LengLengApp.swift in Sources */,
				133EAC8E24B3F3B0007E7E1E /* AppDelegate.swift in Sources */,
				133EAC9024B3F3B0007E7E1E /* SceneDelegate.swift in Sources */,
				133EAC9224B3F3B0007E7E1E /* ContentView.swift in Sources */,
				133EACBC24B3F3B3007E7E1E /* FirebaseService.swift in Sources */,
				133EACBE24B3F3B3007E7E1E /* NotificationModels.swift in Sources */,
				133EACC024B3F3B3007E7E1E /* PollModels.swift in Sources */,
				133EACC224B3F3B3007E7E1E /* Extensions.swift in Sources */,
				133EACC424B3F3B3007E7E1E /* AppConfig.swift in Sources */,
				133EACDA24B3F3B3007E7E1E /* SocialView.swift in Sources */,
				133EACDB24B3F3B3007E7E1E /* SocialGraphSystem.swift in Sources */,
				133EACDC24B3F3B3007E7E1E /* ProfileView.swift in Sources */,
				133EACDD24B3F3B3007E7E1E /* EditProfileView.swift in Sources */,
				133EACDE24B3F3B3007E7E1E /* SettingsView.swift in Sources */,
				133EACDF24B3F3B3007E7E1E /* UserProfileSystem.swift in Sources */,
				133EACE024B3F3B3007E7E1E /* PollSystem.swift in Sources */,
				133EACE124B3F3B3007E7E1E /* PollsView.swift in Sources */,
				133EACE224B3F3B3007E7E1E /* OnboardingViewController.swift in Sources */,
				133EACE324B3F3B3007E7E1E /* NotificationsSystem.swift in Sources */,
			);
			runOnlyForDeploymentPostprocessing = 0;
		};
/* End PBXSourcesBuildPhase section */

/* Begin PBXTargetDependency section */
		F0D784DD2D9F086A00CB7D02 /* PBXTargetDependency */ = {
			isa = PBXTargetDependency;
			target = F0D784CC2D9F086800CB7D02 /* LengLeng */;
			targetProxy = F0D784DC2D9F086A00CB7D02 /* PBXContainerItemProxy */;
		};
		F0D784E72D9F086A00CB7D02 /* PBXTargetDependency */ = {
			isa = PBXTargetDependency;
			target = F0D784CC2D9F086800CB7D02 /* LengLeng */;
			targetProxy = F0D784E62D9F086A00CB7D02 /* PBXContainerItemProxy */;
		};
/* End PBXTargetDependency section */

/* Begin XCBuildConfiguration section */
		F0D784ED2D9F086A00CB7D02 /* Debug */ = {
			isa = XCBuildConfiguration;
			buildSettings = {
				ALWAYS_SEARCH_USER_PATHS = NO;
				ASSETCATALOG_COMPILER_GENERATE_SWIFT_ASSET_SYMBOL_EXTENSIONS = YES;
				CLANG_ANALYZER_NONNULL = YES;
				CLANG_ANALYZER_NUMBER_OBJECT_CONVERSION = YES_AGGRESSIVE;
				CLANG_CXX_LANGUAGE_STANDARD = "gnu++20";
				CLANG_ENABLE_MODULES = YES;
				CLANG_ENABLE_OBJC_ARC = YES;
				CLANG_ENABLE_OBJC_WEAK = YES;
				CLANG_WARN_BLOCK_CAPTURE_AUTORELEASING = YES;
				CLANG_WARN_BOOL_CONVERSION = YES;
				CLANG_WARN_COMMA = YES;
				CLANG_WARN_CONSTANT_CONVERSION = YES;
				CLANG_WARN_DEPRECATED_OBJC_IMPLEMENTATIONS = YES;
				CLANG_WARN_DIRECT_OBJC_ISA_USAGE = YES_ERROR;
				CLANG_WARN_DOCUMENTATION_COMMENTS = YES;
				CLANG_WARN_EMPTY_BODY = YES;
				CLANG_WARN_ENUM_CONVERSION = YES;
				CLANG_WARN_INFINITE_RECURSION = YES;
				CLANG_WARN_INT_CONVERSION = YES;
				CLANG_WARN_NON_LITERAL_NULL_CONVERSION = YES;
				CLANG_WARN_OBJC_IMPLICIT_RETAIN_SELF = YES;
				CLANG_WARN_OBJC_LITERAL_CONVERSION = YES;
				CLANG_WARN_OBJC_ROOT_CLASS = YES_ERROR;
				CLANG_WARN_QUOTED_INCLUDE_IN_FRAMEWORK_HEADER = YES;
				CLANG_WARN_RANGE_LOOP_ANALYSIS = YES;
				CLANG_WARN_STRICT_PROTOTYPES = YES;
				CLANG_WARN_SUSPICIOUS_MOVE = YES;
				CLANG_WARN_UNGUARDED_AVAILABILITY = YES_AGGRESSIVE;
				CLANG_WARN_UNREACHABLE_CODE = YES;
				CLANG_WARN__DUPLICATE_METHOD_MATCH = YES;
				COPY_PHASE_STRIP = NO;
				DEBUG_INFORMATION_FORMAT = dwarf;
				ENABLE_STRICT_OBJC_MSGSEND = YES;
				ENABLE_TESTABILITY = YES;
				ENABLE_USER_SCRIPT_SANDBOXING = YES;
				GCC_C_LANGUAGE_STANDARD = gnu17;
				GCC_DYNAMIC_NO_PIC = NO;
				GCC_NO_COMMON_BLOCKS = YES;
				GCC_OPTIMIZATION_LEVEL = 0;
				GCC_PREPROCESSOR_DEFINITIONS = (
					"DEBUG=1",
					"$(inherited)",
				);
				GCC_WARN_64_TO_32_BIT_CONVERSION = YES;
				GCC_WARN_ABOUT_RETURN_TYPE = YES_ERROR;
				GCC_WARN_UNDECLARED_SELECTOR = YES;
				GCC_WARN_UNINITIALIZED_AUTOS = YES_AGGRESSIVE;
				GCC_WARN_UNUSED_FUNCTION = YES;
				GCC_WARN_UNUSED_VARIABLE = YES;
				LOCALIZATION_PREFERS_STRING_CATALOGS = YES;
				MTL_ENABLE_DEBUG_INFO = INCLUDE_SOURCE;
				MTL_FAST_MATH = YES;
				ONLY_ACTIVE_ARCH = YES;
				SWIFT_ACTIVE_COMPILATION_CONDITIONS = "DEBUG $(inherited)";
				SWIFT_OPTIMIZATION_LEVEL = "-Onone";
			};
			name = Debug;
		};
		F0D784EE2D9F086A00CB7D02 /* Release */ = {
			isa = XCBuildConfiguration;
			buildSettings = {
				ALWAYS_SEARCH_USER_PATHS = NO;
				ASSETCATALOG_COMPILER_GENERATE_SWIFT_ASSET_SYMBOL_EXTENSIONS = YES;
				CLANG_ANALYZER_NONNULL = YES;
				CLANG_ANALYZER_NUMBER_OBJECT_CONVERSION = YES_AGGRESSIVE;
				CLANG_CXX_LANGUAGE_STANDARD = "gnu++20";
				CLANG_ENABLE_MODULES = YES;
				CLANG_ENABLE_OBJC_ARC = YES;
				CLANG_ENABLE_OBJC_WEAK = YES;
				CLANG_WARN_BLOCK_CAPTURE_AUTORELEASING = YES;
				CLANG_WARN_BOOL_CONVERSION = YES;
				CLANG_WARN_COMMA = YES;
				CLANG_WARN_CONSTANT_CONVERSION = YES;
				CLANG_WARN_DEPRECATED_OBJC_IMPLEMENTATIONS = YES;
				CLANG_WARN_DIRECT_OBJC_ISA_USAGE = YES_ERROR;
				CLANG_WARN_DOCUMENTATION_COMMENTS = YES;
				CLANG_WARN_EMPTY_BODY = YES;
				CLANG_WARN_ENUM_CONVERSION = YES;
				CLANG_WARN_INFINITE_RECURSION = YES;
				CLANG_WARN_INT_CONVERSION = YES;
				CLANG_WARN_NON_LITERAL_NULL_CONVERSION = YES;
				CLANG_WARN_OBJC_IMPLICIT_RETAIN_SELF = YES;
				CLANG_WARN_OBJC_LITERAL_CONVERSION = YES;
				CLANG_WARN_OBJC_ROOT_CLASS = YES_ERROR;
				CLANG_WARN_QUOTED_INCLUDE_IN_FRAMEWORK_HEADER = YES;
				CLANG_WARN_RANGE_LOOP_ANALYSIS = YES;
				CLANG_WARN_STRICT_PROTOTYPES = YES;
				CLANG_WARN_SUSPICIOUS_MOVE = YES;
				CLANG_WARN_UNGUARDED_AVAILABILITY = YES_AGGRESSIVE;
				CLANG_WARN_UNREACHABLE_CODE = YES;
				CLANG_WARN__DUPLICATE_METHOD_MATCH = YES;
				COPY_PHASE_STRIP = NO;
				DEBUG_INFORMATION_FORMAT = "dwarf-with-dsym";
				ENABLE_NS_ASSERTIONS = NO;
				ENABLE_STRICT_OBJC_MSGSEND = YES;
				ENABLE_USER_SCRIPT_SANDBOXING = YES;
				GCC_C_LANGUAGE_STANDARD = gnu17;
				GCC_NO_COMMON_BLOCKS = YES;
				GCC_WARN_64_TO_32_BIT_CONVERSION = YES;
				GCC_WARN_ABOUT_RETURN_TYPE = YES_ERROR;
				GCC_WARN_UNDECLARED_SELECTOR = YES;
				GCC_WARN_UNINITIALIZED_AUTOS = YES_AGGRESSIVE;
				GCC_WARN_UNUSED_FUNCTION = YES;
				GCC_WARN_UNUSED_VARIABLE = YES;
				LOCALIZATION_PREFERS_STRING_CATALOGS = YES;
				MTL_ENABLE_DEBUG_INFO = NO;
				MTL_FAST_MATH = YES;
				SWIFT_COMPILATION_MODE = wholemodule;
			};
			name = Release;
		};
		F0D784F02D9F086A00CB7D02 /* Debug */ = {
			isa = XCBuildConfiguration;
			buildSettings = {
				ASSETCATALOG_COMPILER_APPICON_NAME = AppIcon;
				ASSETCATALOG_COMPILER_GLOBAL_ACCENT_COLOR_NAME = AccentColor;
				CODE_SIGN_ENTITLEMENTS = LengLeng/LengLeng.entitlements;
				CODE_SIGN_STYLE = Automatic;
				CURRENT_PROJECT_VERSION = 1;
				ENABLE_PREVIEWS = YES;
				GENERATE_INFOPLIST_FILE = YES;
				"INFOPLIST_KEY_UIApplicationSceneManifest_Generation[sdk=iphoneos*]" = YES;
				"INFOPLIST_KEY_UIApplicationSceneManifest_Generation[sdk=iphonesimulator*]" = YES;
				"INFOPLIST_KEY_UIApplicationSupportsIndirectInputEvents[sdk=iphoneos*]" = YES;
				"INFOPLIST_KEY_UIApplicationSupportsIndirectInputEvents[sdk=iphonesimulator*]" = YES;
				"INFOPLIST_KEY_UILaunchScreen_Generation[sdk=iphoneos*]" = YES;
				"INFOPLIST_KEY_UILaunchScreen_Generation[sdk=iphonesimulator*]" = YES;
				"INFOPLIST_KEY_UIStatusBarStyle[sdk=iphoneos*]" = UIStatusBarStyleDefault;
				"INFOPLIST_KEY_UIStatusBarStyle[sdk=iphonesimulator*]" = UIStatusBarStyleDefault;
				INFOPLIST_KEY_UISupportedInterfaceOrientations_iPad = "UIInterfaceOrientationPortrait UIInterfaceOrientationPortraitUpsideDown UIInterfaceOrientationLandscapeLeft UIInterfaceOrientationLandscapeRight";
				INFOPLIST_KEY_UISupportedInterfaceOrientations_iPhone = "UIInterfaceOrientationPortrait UIInterfaceOrientationLandscapeLeft UIInterfaceOrientationLandscapeRight";
				IPHONEOS_DEPLOYMENT_TARGET = 18.4;
				LD_RUNPATH_SEARCH_PATHS = "@executable_path/Frameworks";
				"LD_RUNPATH_SEARCH_PATHS[sdk=macosx*]" = "@executable_path/../Frameworks";
				MACOSX_DEPLOYMENT_TARGET = 15.3;
				MARKETING_VERSION = 1.0;
				PRODUCT_BUNDLE_IDENTIFIER = Hivcom.LengLeng;
				PRODUCT_NAME = "$(TARGET_NAME)";
				REGISTER_APP_GROUPS = YES;
				SDKROOT = auto;
				SUPPORTED_PLATFORMS = "iphoneos iphonesimulator macosx xros xrsimulator";
				SWIFT_EMIT_LOC_STRINGS = YES;
				SWIFT_VERSION = 5.0;
				TARGETED_DEVICE_FAMILY = "1,2,7";
				XROS_DEPLOYMENT_TARGET = 2.4;
			};
			name = Debug;
		};
		F0D784F12D9F086A00CB7D02 /* Release */ = {
			isa = XCBuildConfiguration;
			buildSettings = {
				ASSETCATALOG_COMPILER_APPICON_NAME = AppIcon;
				ASSETCATALOG_COMPILER_GLOBAL_ACCENT_COLOR_NAME = AccentColor;
				CODE_SIGN_ENTITLEMENTS = LengLeng/LengLeng.entitlements;
				CODE_SIGN_STYLE = Automatic;
				CURRENT_PROJECT_VERSION = 1;
				ENABLE_PREVIEWS = YES;
				GENERATE_INFOPLIST_FILE = YES;
				"INFOPLIST_KEY_UIApplicationSceneManifest_Generation[sdk=iphoneos*]" = YES;
				"INFOPLIST_KEY_UIApplicationSceneManifest_Generation[sdk=iphonesimulator*]" = YES;
				"INFOPLIST_KEY_UIApplicationSupportsIndirectInputEvents[sdk=iphoneos*]" = YES;
				"INFOPLIST_KEY_UIApplicationSupportsIndirectInputEvents[sdk=iphonesimulator*]" = YES;
				"INFOPLIST_KEY_UILaunchScreen_Generation[sdk=iphoneos*]" = YES;
				"INFOPLIST_KEY_UILaunchScreen_Generation[sdk=iphonesimulator*]" = YES;
				"INFOPLIST_KEY_UIStatusBarStyle[sdk=iphoneos*]" = UIStatusBarStyleDefault;
				"INFOPLIST_KEY_UIStatusBarStyle[sdk=iphonesimulator*]" = UIStatusBarStyleDefault;
				INFOPLIST_KEY_UISupportedInterfaceOrientations_iPad = "UIInterfaceOrientationPortrait UIInterfaceOrientationPortraitUpsideDown UIInterfaceOrientationLandscapeLeft UIInterfaceOrientationLandscapeRight";
				INFOPLIST_KEY_UISupportedInterfaceOrientations_iPhone = "UIInterfaceOrientationPortrait UIInterfaceOrientationLandscapeLeft UIInterfaceOrientationLandscapeRight";
				IPHONEOS_DEPLOYMENT_TARGET = 18.4;
				LD_RUNPATH_SEARCH_PATHS = "@executable_path/Frameworks";
				"LD_RUNPATH_SEARCH_PATHS[sdk=macosx*]" = "@executable_path/../Frameworks";
				MACOSX_DEPLOYMENT_TARGET = 15.3;
				MARKETING_VERSION = 1.0;
				PRODUCT_BUNDLE_IDENTIFIER = Hivcom.LengLeng;
				PRODUCT_NAME = "$(TARGET_NAME)";
				REGISTER_APP_GROUPS = YES;
				SDKROOT = auto;
				SUPPORTED_PLATFORMS = "iphoneos iphonesimulator macosx xros xrsimulator";
				SWIFT_EMIT_LOC_STRINGS = YES;
				SWIFT_VERSION = 5.0;
				TARGETED_DEVICE_FAMILY = "1,2,7";
				XROS_DEPLOYMENT_TARGET = 2.4;
			};
			name = Release;
		};
		F0D784F32D9F086A00CB7D02 /* Debug */ = {
			isa = XCBuildConfiguration;
			buildSettings = {
				BUNDLE_LOADER = "$(TEST_HOST)";
				CODE_SIGN_STYLE = Automatic;
				CURRENT_PROJECT_VERSION = 1;
				GENERATE_INFOPLIST_FILE = YES;
				IPHONEOS_DEPLOYMENT_TARGET = 18.4;
				MACOSX_DEPLOYMENT_TARGET = 15.3;
				MARKETING_VERSION = 1.0;
				PRODUCT_BUNDLE_IDENTIFIER = Hivcom.LengLengTests;
				PRODUCT_NAME = "$(TARGET_NAME)";
				SDKROOT = auto;
				SUPPORTED_PLATFORMS = "iphoneos iphonesimulator macosx xros xrsimulator";
				SWIFT_EMIT_LOC_STRINGS = NO;
				SWIFT_VERSION = 5.0;
				TARGETED_DEVICE_FAMILY = "1,2,7";
				TEST_HOST = "$(BUILT_PRODUCTS_DIR)/LengLeng.app/$(BUNDLE_EXECUTABLE_FOLDER_PATH)/LengLeng";
				XROS_DEPLOYMENT_TARGET = 2.4;
			};
			name = Debug;
		};
		F0D784F42D9F086A00CB7D02 /* Release */ = {
			isa = XCBuildConfiguration;
			buildSettings = {
				BUNDLE_LOADER = "$(TEST_HOST)";
				CODE_SIGN_STYLE = Automatic;
				CURRENT_PROJECT_VERSION = 1;
				GENERATE_INFOPLIST_FILE = YES;
				IPHONEOS_DEPLOYMENT_TARGET = 18.4;
				MACOSX_DEPLOYMENT_TARGET = 15.3;
				MARKETING_VERSION = 1.0;
				PRODUCT_BUNDLE_IDENTIFIER = Hivcom.LengLengTests;
				PRODUCT_NAME = "$(TARGET_NAME)";
				SDKROOT = auto;
				SUPPORTED_PLATFORMS = "iphoneos iphonesimulator macosx xros xrsimulator";
				SWIFT_EMIT_LOC_STRINGS = NO;
				SWIFT_VERSION = 5.0;
				TARGETED_DEVICE_FAMILY = "1,2,7";
				TEST_HOST = "$(BUILT_PRODUCTS_DIR)/LengLeng.app/$(BUNDLE_EXECUTABLE_FOLDER_PATH)/LengLeng";
				XROS_DEPLOYMENT_TARGET = 2.4;
			};
			name = Release;
		};
		F0D784F62D9F086A00CB7D02 /* Debug */ = {
			isa = XCBuildConfiguration;
			buildSettings = {
				CODE_SIGN_STYLE = Automatic;
				CURRENT_PROJECT_VERSION = 1;
				GENERATE_INFOPLIST_FILE = YES;
				IPHONEOS_DEPLOYMENT_TARGET = 18.4;
				MACOSX_DEPLOYMENT_TARGET = 15.3;
				MARKETING_VERSION = 1.0;
				PRODUCT_BUNDLE_IDENTIFIER = Hivcom.LengLengUITests;
				PRODUCT_NAME = "$(TARGET_NAME)";
				SDKROOT = auto;
				SUPPORTED_PLATFORMS = "iphoneos iphonesimulator macosx xros xrsimulator";
				SWIFT_EMIT_LOC_STRINGS = NO;
				SWIFT_VERSION = 5.0;
				TARGETED_DEVICE_FAMILY = "1,2,7";
				TEST_TARGET_NAME = LengLeng;
				XROS_DEPLOYMENT_TARGET = 2.4;
			};
			name = Debug;
		};
		F0D784F72D9F086A00CB7D02 /* Release */ = {
			isa = XCBuildConfiguration;
			buildSettings = {
				CODE_SIGN_STYLE = Automatic;
				CURRENT_PROJECT_VERSION = 1;
				GENERATE_INFOPLIST_FILE = YES;
				IPHONEOS_DEPLOYMENT_TARGET = 18.4;
				MACOSX_DEPLOYMENT_TARGET = 15.3;
				MARKETING_VERSION = 1.0;
				PRODUCT_BUNDLE_IDENTIFIER = Hivcom.LengLengUITests;
				PRODUCT_NAME = "$(TARGET_NAME)";
				SDKROOT = auto;
				SUPPORTED_PLATFORMS = "iphoneos iphonesimulator macosx xros xrsimulator";
				SWIFT_EMIT_LOC_STRINGS = NO;
				SWIFT_VERSION = 5.0;
				TARGETED_DEVICE_FAMILY = "1,2,7";
				TEST_TARGET_NAME = LengLeng;
				XROS_DEPLOYMENT_TARGET = 2.4;
			};
			name = Release;
		};
/* End XCBuildConfiguration section */

/* Begin XCConfigurationList section */
		F0D784C82D9F086800CB7D02 /* Build configuration list for PBXProject "LengLeng" */ = {
			isa = XCConfigurationList;
			buildConfigurations = (
				F0D784ED2D9F086A00CB7D02 /* Debug */,
				F0D784EE2D9F086A00CB7D02 /* Release */,
			);
			defaultConfigurationIsVisible = 0;
			defaultConfigurationName = Release;
		};
		F0D784EF2D9F086A00CB7D02 /* Build configuration list for PBXNativeTarget "LengLeng" */ = {
			isa = XCConfigurationList;
			buildConfigurations = (
				F0D784F02D9F086A00CB7D02 /* Debug */,
				F0D784F12D9F086A00CB7D02 /* Release */,
			);
			defaultConfigurationIsVisible = 0;
			defaultConfigurationName = Release;
		};
		F0D784F22D9F086A00CB7D02 /* Build configuration list for PBXNativeTarget "LengLengTests" */ = {
			isa = XCConfigurationList;
			buildConfigurations = (
				F0D784F32D9F086A00CB7D02 /* Debug */,
				F0D784F42D9F086A00CB7D02 /* Release */,
			);
			defaultConfigurationIsVisible = 0;
			defaultConfigurationName = Release;
		};
		F0D784F52D9F086A00CB7D02 /* Build configuration list for PBXNativeTarget "LengLengUITests" */ = {
			isa = XCConfigurationList;
			buildConfigurations = (
				F0D784F62D9F086A00CB7D02 /* Debug */,
				F0D784F72D9F086A00CB7D02 /* Release */,
			);
			defaultConfigurationIsVisible = 0;
			defaultConfigurationName = Release;
		};
/* End XCConfigurationList section */
	};
	rootObject = F0D784C52D9F086800CB7D02 /* Project object */;
}
